
Microsoft Visual Studio Solution File, Format Version 12.00
# Visual Studio Version 17
VisualStudioVersion = 17.2.32602.215
MinimumVisualStudioVersion = 10.0.40219.1
Project("{FAE04EC0-301F-11D3-BF4B-00C04F79EFBC}") = "Inheritance", "Inheritance\Inheritance.csproj", "{3EA1BAF0-D4F1-4BB7-8C84-167D13527EC4}"
EndProject
Global
	GlobalSection(SolutionConfigurationPlatforms) = preSolution
		Debug|Any CPU = Debug|Any CPU
		Release|Any CPU = Release|Any CPU
	EndGlobalSection
	GlobalSection(ProjectConfigurationPlatforms) = postSolution
		{3EA1BAF0-D4F1-4BB7-8C84-167D13527EC4}.Debug|Any CPU.ActiveCfg = Debug|Any CPU
		{3EA1BAF0-D4F1-4BB7-8C84-167D13527EC4}.Debug|Any CPU.Build.0 = Debug|Any CPU
		{3EA1BAF0-D4F1-4BB7-8C84-167D13527EC4}.Release|Any CPU.ActiveCfg = Release|Any CPU
		{3EA1BAF0-D4F1-4BB7-8C84-167D13527EC4}.Release|Any CPU.Build.0 = Release|Any CPU
	EndGlobalSection
	GlobalSection(SolutionProperties) = preSolution
		HideSolutionNode = FALSE
	EndGlobalSection
	GlobalSection(ExtensibilityGlobals) = postSolution
		SolutionGuid = {1BE38DCF-276F-48A7-A2BA-4E21EF5CBF44}
	EndGlobalSection
EndGlobal
