
Microsoft Visual Studio Solution File, Format Version 12.00
# Visual Studio Version 17
VisualStudioVersion = 17.2.32602.215
MinimumVisualStudioVersion = 10.0.40219.1
Project("{FAE04EC0-301F-11D3-BF4B-00C04F79EFBC}") = "TestInheritance", "TestInheritance\TestInheritance.csproj", "{02FEA780-D08C-4621-8A0E-B892D5BE8C74}"
EndProject
Project("{FAE04EC0-301F-11D3-BF4B-00C04F79EFBC}") = "Animal", "Animal\Animal.csproj", "{4C74DE87-9134-44F2-8017-44F23EBF4542}"
EndProject
Project("{FAE04EC0-301F-11D3-BF4B-00C04F79EFBC}") = "Employees", "Employees\Employees.csproj", "{E57A779F-9F08-48D8-89A8-0D940592C7A5}"
EndProject
Project("{FAE04EC0-301F-11D3-BF4B-00C04F79EFBC}") = "Protected", "Protected\Protected.csproj", "{F9CC76A6-336D-4AD6-A582-3A31F85601DD}"
EndProject
Project("{FAE04EC0-301F-11D3-BF4B-00C04F79EFBC}") = "OverLoading", "OverLoading\OverLoading.csproj", "{BD8926FB-4AE7-4367-BBD2-773371435BEF}"
EndProject
Project("{FAE04EC0-301F-11D3-BF4B-00C04F79EFBC}") = "Override", "Override\Override.csproj", "{08314E13-A6F2-4BA9-A5B9-C7B62349F611}"
EndProject
Project("{FAE04EC0-301F-11D3-BF4B-00C04F79EFBC}") = "Sealed", "Sealed\Sealed.csproj", "{AE2A2A3C-9962-4DA9-B3E1-B56F509C1C76}"
EndProject
Project("{FAE04EC0-301F-11D3-BF4B-00C04F79EFBC}") = "Sealed02", "Sealed02\Sealed02.csproj", "{1A895C10-2DDE-481E-BC02-9C77A17D97AA}"
EndProject
Global
	GlobalSection(SolutionConfigurationPlatforms) = preSolution
		Debug|Any CPU = Debug|Any CPU
		Release|Any CPU = Release|Any CPU
	EndGlobalSection
	GlobalSection(ProjectConfigurationPlatforms) = postSolution
		{02FEA780-D08C-4621-8A0E-B892D5BE8C74}.Debug|Any CPU.ActiveCfg = Debug|Any CPU
		{02FEA780-D08C-4621-8A0E-B892D5BE8C74}.Debug|Any CPU.Build.0 = Debug|Any CPU
		{02FEA780-D08C-4621-8A0E-B892D5BE8C74}.Release|Any CPU.ActiveCfg = Release|Any CPU
		{02FEA780-D08C-4621-8A0E-B892D5BE8C74}.Release|Any CPU.Build.0 = Release|Any CPU
		{4C74DE87-9134-44F2-8017-44F23EBF4542}.Debug|Any CPU.ActiveCfg = Debug|Any CPU
		{4C74DE87-9134-44F2-8017-44F23EBF4542}.Debug|Any CPU.Build.0 = Debug|Any CPU
		{4C74DE87-9134-44F2-8017-44F23EBF4542}.Release|Any CPU.ActiveCfg = Release|Any CPU
		{4C74DE87-9134-44F2-8017-44F23EBF4542}.Release|Any CPU.Build.0 = Release|Any CPU
		{E57A779F-9F08-48D8-89A8-0D940592C7A5}.Debug|Any CPU.ActiveCfg = Debug|Any CPU
		{E57A779F-9F08-48D8-89A8-0D940592C7A5}.Debug|Any CPU.Build.0 = Debug|Any CPU
		{E57A779F-9F08-48D8-89A8-0D940592C7A5}.Release|Any CPU.ActiveCfg = Release|Any CPU
		{E57A779F-9F08-48D8-89A8-0D940592C7A5}.Release|Any CPU.Build.0 = Release|Any CPU
		{F9CC76A6-336D-4AD6-A582-3A31F85601DD}.Debug|Any CPU.ActiveCfg = Debug|Any CPU
		{F9CC76A6-336D-4AD6-A582-3A31F85601DD}.Debug|Any CPU.Build.0 = Debug|Any CPU
		{F9CC76A6-336D-4AD6-A582-3A31F85601DD}.Release|Any CPU.ActiveCfg = Release|Any CPU
		{F9CC76A6-336D-4AD6-A582-3A31F85601DD}.Release|Any CPU.Build.0 = Release|Any CPU
		{BD8926FB-4AE7-4367-BBD2-773371435BEF}.Debug|Any CPU.ActiveCfg = Debug|Any CPU
		{BD8926FB-4AE7-4367-BBD2-773371435BEF}.Debug|Any CPU.Build.0 = Debug|Any CPU
		{BD8926FB-4AE7-4367-BBD2-773371435BEF}.Release|Any CPU.ActiveCfg = Release|Any CPU
		{BD8926FB-4AE7-4367-BBD2-773371435BEF}.Release|Any CPU.Build.0 = Release|Any CPU
		{08314E13-A6F2-4BA9-A5B9-C7B62349F611}.Debug|Any CPU.ActiveCfg = Debug|Any CPU
		{08314E13-A6F2-4BA9-A5B9-C7B62349F611}.Debug|Any CPU.Build.0 = Debug|Any CPU
		{08314E13-A6F2-4BA9-A5B9-C7B62349F611}.Release|Any CPU.ActiveCfg = Release|Any CPU
		{08314E13-A6F2-4BA9-A5B9-C7B62349F611}.Release|Any CPU.Build.0 = Release|Any CPU
		{AE2A2A3C-9962-4DA9-B3E1-B56F509C1C76}.Debug|Any CPU.ActiveCfg = Debug|Any CPU
		{AE2A2A3C-9962-4DA9-B3E1-B56F509C1C76}.Debug|Any CPU.Build.0 = Debug|Any CPU
		{AE2A2A3C-9962-4DA9-B3E1-B56F509C1C76}.Release|Any CPU.ActiveCfg = Release|Any CPU
		{AE2A2A3C-9962-4DA9-B3E1-B56F509C1C76}.Release|Any CPU.Build.0 = Release|Any CPU
		{1A895C10-2DDE-481E-BC02-9C77A17D97AA}.Debug|Any CPU.ActiveCfg = Debug|Any CPU
		{1A895C10-2DDE-481E-BC02-9C77A17D97AA}.Debug|Any CPU.Build.0 = Debug|Any CPU
		{1A895C10-2DDE-481E-BC02-9C77A17D97AA}.Release|Any CPU.ActiveCfg = Release|Any CPU
		{1A895C10-2DDE-481E-BC02-9C77A17D97AA}.Release|Any CPU.Build.0 = Release|Any CPU
	EndGlobalSection
	GlobalSection(SolutionProperties) = preSolution
		HideSolutionNode = FALSE
	EndGlobalSection
	GlobalSection(ExtensibilityGlobals) = postSolution
		SolutionGuid = {6730EAC7-C611-4868-B0BC-0DCDEBCBDEF1}
	EndGlobalSection
EndGlobal
